
Microsoft Visual Studio Solution File, Format Version 12.00
# Visual Studio Version 16
VisualStudioVersion = 16.0.31129.286
MinimumVisualStudioVersion = 10.0.40219.1
Project("{FAE04EC0-301F-11D3-BF4B-00C04F79EFBC}") = "CAProjectV2", "CAProjectV2\CAProjectV2.csproj", "{CAF00A96-FB77-4936-9D65-ABEC1C9B71A3}"
EndProject
Global
	GlobalSection(SolutionConfigurationPlatforms) = preSolution
		Debug|Any CPU = Debug|Any CPU
		Release|Any CPU = Release|Any CPU
	EndGlobalSection
	GlobalSection(ProjectConfigurationPlatforms) = postSolution
		{CAF00A96-FB77-4936-9D65-ABEC1C9B71A3}.Debug|Any CPU.ActiveCfg = Debug|Any CPU
		{CAF00A96-FB77-4936-9D65-ABEC1C9B71A3}.Debug|Any CPU.Build.0 = Debug|Any CPU
		{CAF00A96-FB77-4936-9D65-ABEC1C9B71A3}.Release|Any CPU.ActiveCfg = Release|Any CPU
		{CAF00A96-FB77-4936-9D65-ABEC1C9B71A3}.Release|Any CPU.Build.0 = Release|Any CPU
	EndGlobalSection
	GlobalSection(SolutionProperties) = preSolution
		HideSolutionNode = FALSE
	EndGlobalSection
	GlobalSection(ExtensibilityGlobals) = postSolution
		SolutionGuid = {72DEEB21-CEB7-4D2F-B9B9-38D37E4D83B8}
	EndGlobalSection
EndGlobal
